<Solution>
  <Folder Name="/API/">
    <Project Path="src/API/API.csproj" />
  </Folder>
  <Folder Name="/Core/">
    <Project Path="src/Core/Application/Application.csproj" />
    <Project Path="src/Core/Domain/Domain.csproj" />
  </Folder>
  <Folder Name="/Infrastructure/">
    <Project Path="src/Infrastructure/Infrastructure.csproj" />
  </Folder>
  <Folder Name="/Tests/">
    <Project Path="tests/Application.Tests/Application.Tests.csproj" />
    <Project Path="tests/Architecture.Tests/Architecture.Tests.csproj" />
    <Project Path="tests/Domain.Tests/Domain.Tests.csproj" />
  </Folder>
</Solution>
